{
  "name": "front-end-tcc-ii",
  "lockfileVersion": 2,
  "requires": true,
  "packages": {
    "": {
      "dependencies": {
        "react-native-dialog-input": "^1.0.8"
      }
    },
    "node_modules/react-native-dialog-input": {
      "version": "1.0.8",
      "resolved": "https://registry.npmjs.org/react-native-dialog-input/-/react-native-dialog-input-1.0.8.tgz",
      "integrity": "sha512-W9YNMt6r+rUUMDEkOR1WMuGfSJw97ujB8H1xp8TjJTOnYVSlsf4aEP6t+J8tVk3XZaDcTawXgDjxH6E1WVWRog=="
    }
  },
  "dependencies": {
    "react-native-dialog-input": {
      "version": "1.0.8",
      "resolved": "https://registry.npmjs.org/react-native-dialog-input/-/react-native-dialog-input-1.0.8.tgz",
      "integrity": "sha512-W9YNMt6r+rUUMDEkOR1WMuGfSJw97ujB8H1xp8TjJTOnYVSlsf4aEP6t+J8tVk3XZaDcTawXgDjxH6E1WVWRog=="
    }
  }
}
